# THIS IS AN AUTOGENERATED FILE. DO NOT EDIT THIS FILE DIRECTLY.
# yarn lockfile v1


mddir@^1.1.1:
  version "1.1.1"
  resolved "https://registry.yarnpkg.com/mddir/-/mddir-1.1.1.tgz#fa7ddd26b92558e6eb9f890d02d25a3f7cda056b"
  integrity sha512-VkBEnXdqoCTC5TLzuA8ITGgb3278sl2HQ9xWCEBK4viZXiyl9IzFRXQ+41x16Z9ODzVabSeRsPWGaD+KbigG6Q==
